dependencies:
- name: postgresql
  repository: oci://registry-1.docker.io/bitnamicharts
  version: 18.8.13
- name: redis
  repository: oci://registry-1.docker.io/bitnamicharts
  version: 28.0.12
digest: sha256:2e26d4019753da2c7efdc3167125af8e674f5f96c2a190083d70346c0ce0323d
generated: "2026-08-28T08:19:06.642789373Z"
